PODS:
  - EOCoreDebug (2.3.30)
  - IBMTealeafDebug (10.6.55):
    - IBMTealeafDebug/Core (= 10.6.55)
  - IBMTealeafDebug/Core (10.6.55):
    - EOCoreDebug

DEPENDENCIES:
  - IBMTealeafDebug

SPEC REPOS:
  trunk:
    - EOCoreDebug
    - IBMTealeafDebug

SPEC CHECKSUMS:
  EOCoreDebug: d6585d72953bdea56062082c3f1fc9882c916079
  IBMTealeafDebug: e2c884b2e3879efac7a575f03112b2503a209f9a

PODFILE CHECKSUM: e1e0b891fff5c378149b9d167dce0669f697de19

COCOAPODS: 1.10.1
