{
  "object": {
    "pins": [
      {
        "package": "ModalView",
        "repositoryURL": "https://github.com/diniska/modal-view",
        "state": {
          "branch": "master",
          "revision": "e9063b249148134b6ab24832ac8101835638a5af",
          "version": null
        }
      }
    ]
  },
  "version": 1
}
